
Microsoft Visual Studio Solution File, Format Version 12.00
# Visual Studio Version 17
VisualStudioVersion = 17.11.35312.102
MinimumVisualStudioVersion = 10.0.40219.1
Project("{FAE04EC0-301F-11D3-BF4B-00C04F79EFBC}") = "SysZero.UnityPDF", "SysZero.UnityPDF.csproj", "{77974984-1D2D-44F3-A08C-33FE819E432C}"
EndProject
Global
	GlobalSection(SolutionConfigurationPlatforms) = preSolution
		Debug|Any CPU = Debug|Any CPU
		Release|Any CPU = Release|Any CPU
	EndGlobalSection
	GlobalSection(ProjectConfigurationPlatforms) = postSolution
		{77974984-1D2D-44F3-A08C-33FE819E432C}.Debug|Any CPU.ActiveCfg = Debug|Any CPU
		{77974984-1D2D-44F3-A08C-33FE819E432C}.Debug|Any CPU.Build.0 = Debug|Any CPU
		{77974984-1D2D-44F3-A08C-33FE819E432C}.Release|Any CPU.ActiveCfg = Release|Any CPU
		{77974984-1D2D-44F3-A08C-33FE819E432C}.Release|Any CPU.Build.0 = Release|Any CPU
	EndGlobalSection
	GlobalSection(SolutionProperties) = preSolution
		HideSolutionNode = FALSE
	EndGlobalSection
	GlobalSection(ExtensibilityGlobals) = postSolution
		SolutionGuid = {FE749EEB-D31F-43F1-A5C7-C894EE272CA4}
	EndGlobalSection
EndGlobal
