
Microsoft Visual Studio Solution File, Format Version 12.00
# Visual Studio Version 17
VisualStudioVersion = 17.11.35312.102
MinimumVisualStudioVersion = 10.0.40219.1
Project("{FAE04EC0-301F-11D3-BF4B-00C04F79EFBC}") = "SysZero.Unity.PDF - Framework 4.8", "SysZero.Unity.PDF - Framework 4.8.csproj", "{B2843C25-C707-47FF-A129-08B18D1E3F66}"
EndProject
Global
	GlobalSection(SolutionConfigurationPlatforms) = preSolution
		Debug|Any CPU = Debug|Any CPU
		Release|Any CPU = Release|Any CPU
	EndGlobalSection
	GlobalSection(ProjectConfigurationPlatforms) = postSolution
		{B2843C25-C707-47FF-A129-08B18D1E3F66}.Debug|Any CPU.ActiveCfg = Debug|Any CPU
		{B2843C25-C707-47FF-A129-08B18D1E3F66}.Debug|Any CPU.Build.0 = Debug|Any CPU
		{B2843C25-C707-47FF-A129-08B18D1E3F66}.Release|Any CPU.ActiveCfg = Release|Any CPU
		{B2843C25-C707-47FF-A129-08B18D1E3F66}.Release|Any CPU.Build.0 = Release|Any CPU
	EndGlobalSection
	GlobalSection(SolutionProperties) = preSolution
		HideSolutionNode = FALSE
	EndGlobalSection
	GlobalSection(ExtensibilityGlobals) = postSolution
		SolutionGuid = {582D76EA-3FE0-4B01-A874-F009A1ACDB25}
	EndGlobalSection
EndGlobal
